
Microsoft Visual Studio Solution File, Format Version 12.00
# Visual Studio 15
VisualStudioVersion = 15.0.27130.2027
MinimumVisualStudioVersion = 10.0.40219.1
Project("{FAE04EC0-301F-11D3-BF4B-00C04F79EFBC}") = "EmojiParser", "EmojiParser\EmojiParser.csproj", "{61C222C8-29E2-45DB-A1F9-989CC970AAEE}"
EndProject
Global
	GlobalSection(SolutionConfigurationPlatforms) = preSolution
		Debug|Any CPU = Debug|Any CPU
		Release|Any CPU = Release|Any CPU
	EndGlobalSection
	GlobalSection(ProjectConfigurationPlatforms) = postSolution
		{61C222C8-29E2-45DB-A1F9-989CC970AAEE}.Debug|Any CPU.ActiveCfg = Debug|Any CPU
		{61C222C8-29E2-45DB-A1F9-989CC970AAEE}.Debug|Any CPU.Build.0 = Debug|Any CPU
		{61C222C8-29E2-45DB-A1F9-989CC970AAEE}.Release|Any CPU.ActiveCfg = Release|Any CPU
		{61C222C8-29E2-45DB-A1F9-989CC970AAEE}.Release|Any CPU.Build.0 = Release|Any CPU
	EndGlobalSection
	GlobalSection(SolutionProperties) = preSolution
		HideSolutionNode = FALSE
	EndGlobalSection
	GlobalSection(ExtensibilityGlobals) = postSolution
		SolutionGuid = {1A7A396C-B843-4030-A878-505E7EFB442E}
	EndGlobalSection
EndGlobal
